
Microsoft Visual Studio Solution File, Format Version 12.00
# Visual Studio Version 16
VisualStudioVersion = 16.0.30413.136
MinimumVisualStudioVersion = 10.0.40219.1
Project("{FAE04EC0-301F-11D3-BF4B-00C04F79EFBC}") = "FateUtilCmd", "FateUtilCmd\FateUtilCmd.csproj", "{28D76C34-46C1-4FA0-B22F-837448B4ADDB}"
EndProject
Global
	GlobalSection(SolutionConfigurationPlatforms) = preSolution
		Debug|Any CPU = Debug|Any CPU
		Release|Any CPU = Release|Any CPU
	EndGlobalSection
	GlobalSection(ProjectConfigurationPlatforms) = postSolution
		{28D76C34-46C1-4FA0-B22F-837448B4ADDB}.Debug|Any CPU.ActiveCfg = Debug|Any CPU
		{28D76C34-46C1-4FA0-B22F-837448B4ADDB}.Debug|Any CPU.Build.0 = Debug|Any CPU
		{28D76C34-46C1-4FA0-B22F-837448B4ADDB}.Release|Any CPU.ActiveCfg = Release|Any CPU
		{28D76C34-46C1-4FA0-B22F-837448B4ADDB}.Release|Any CPU.Build.0 = Release|Any CPU
	EndGlobalSection
	GlobalSection(SolutionProperties) = preSolution
		HideSolutionNode = FALSE
	EndGlobalSection
	GlobalSection(ExtensibilityGlobals) = postSolution
		SolutionGuid = {E2188834-8551-46DA-813D-F7B934687416}
	EndGlobalSection
EndGlobal
